
Microsoft Visual Studio Solution File, Format Version 12.00
# Visual Studio Version 17
VisualStudioVersion = 17.7.34031.279
MinimumVisualStudioVersion = 10.0.40219.1
Project("{FAE04EC0-301F-11D3-BF4B-00C04F79EFBC}") = "Section8_1.19", "Section8_1.19\Section8_1.19.csproj", "{D24E5B50-9B93-496E-925B-95A38A677B71}"
EndProject
Global
	GlobalSection(SolutionConfigurationPlatforms) = preSolution
		Debug|Any CPU = Debug|Any CPU
		Release|Any CPU = Release|Any CPU
	EndGlobalSection
	GlobalSection(ProjectConfigurationPlatforms) = postSolution
		{D24E5B50-9B93-496E-925B-95A38A677B71}.Debug|Any CPU.ActiveCfg = Debug|Any CPU
		{D24E5B50-9B93-496E-925B-95A38A677B71}.Debug|Any CPU.Build.0 = Debug|Any CPU
		{D24E5B50-9B93-496E-925B-95A38A677B71}.Release|Any CPU.ActiveCfg = Release|Any CPU
		{D24E5B50-9B93-496E-925B-95A38A677B71}.Release|Any CPU.Build.0 = Release|Any CPU
	EndGlobalSection
	GlobalSection(SolutionProperties) = preSolution
		HideSolutionNode = FALSE
	EndGlobalSection
	GlobalSection(ExtensibilityGlobals) = postSolution
		SolutionGuid = {E0492CAC-F2BF-44E1-8036-886691A4E4D6}
	EndGlobalSection
EndGlobal
